PODS:
  - Alamofire (4.5.1)
  - AlamofireImage (3.3.1):
    - Alamofire (~> 4.5)
  - AlamofireObjectMapper (5.0.0):
    - Alamofire (~> 4.1)
    - ObjectMapper (~> 3.0)
  - ObjectMapper (3.3.0)
  - PKHUD (5.0.0)

DEPENDENCIES:
  - Alamofire (~> 4.5.0)
  - AlamofireImage (~> 3.3)
  - AlamofireObjectMapper (~> 5.0)
  - PKHUD (~> 5.0)

SPEC CHECKSUMS:
  Alamofire: 2d95912bf4c34f164fdfc335872e8c312acaea4a
  AlamofireImage: 3b35b586853abaf94ca1250f4e94cff3c21a4c0d
  AlamofireObjectMapper: 5fafc816351cbbc0d486611aaeba7461c0cbad49
  ObjectMapper: b612bf8c8e99c4dc0bb6013a51f7c27966ed5da9
  PKHUD: 3c001512c6e002091184197a8de7a20420786e3b

PODFILE CHECKSUM: 3724cf4338585c06ceb306c9c6779a7a52148e54

COCOAPODS: 1.4.0
